
Microsoft Visual Studio Solution File, Format Version 12.00
# Visual Studio 15
VisualStudioVersion = 15.0.28010.2050
MinimumVisualStudioVersion = 10.0.40219.1
Project("{FAE04EC0-301F-11D3-BF4B-00C04F79EFBC}") = "Demo_v1_2", "Demo_v1_2\Demo_v1_2.csproj", "{8D1EF14E-6892-4B13-8442-9EDA3D9A13A7}"
EndProject
Global
	GlobalSection(SolutionConfigurationPlatforms) = preSolution
		Debug|Any CPU = Debug|Any CPU
		Release|Any CPU = Release|Any CPU
	EndGlobalSection
	GlobalSection(ProjectConfigurationPlatforms) = postSolution
		{8D1EF14E-6892-4B13-8442-9EDA3D9A13A7}.Debug|Any CPU.ActiveCfg = Debug|Any CPU
		{8D1EF14E-6892-4B13-8442-9EDA3D9A13A7}.Debug|Any CPU.Build.0 = Debug|Any CPU
		{8D1EF14E-6892-4B13-8442-9EDA3D9A13A7}.Release|Any CPU.ActiveCfg = Release|Any CPU
		{8D1EF14E-6892-4B13-8442-9EDA3D9A13A7}.Release|Any CPU.Build.0 = Release|Any CPU
	EndGlobalSection
	GlobalSection(SolutionProperties) = preSolution
		HideSolutionNode = FALSE
	EndGlobalSection
	GlobalSection(ExtensibilityGlobals) = postSolution
		SolutionGuid = {B45464F1-C13F-4207-8BA7-DF1DAE91F264}
	EndGlobalSection
EndGlobal
